// !$*UTF8*$!
{
	archiveVersion = 1;
	classes = {
	};
	objectVersion = 77;
	objects = {

/* Begin PBXBuildFile section */
		84B1E2862DCFAFFF00AC2E46 /* FirebaseAnalytics in Frameworks */ = {isa = PBXBuildFile; productRef = 84B1E2852DCFAFFF00AC2E46 /* FirebaseAnalytics */; };
		84B1E2882DCFAFFF00AC2E46 /* FirebaseAuth in Frameworks */ = {isa = PBXBuildFile; productRef = 84B1E2872DCFAFFF00AC2E46 /* FirebaseAuth */; };
		84B1E2902DCFB70700AC2E46 /* GoogleSignIn in Frameworks */ = {isa = PBXBuildFile; productRef = 84B1E28F2DCFB70700AC2E46 /* GoogleSignIn */; };
		84B1E29A2DCFBEE600AC2E46 /* FirebaseCore in Frameworks */ = {isa = PBXBuildFile; productRef = 84B1E2992DCFBEE600AC2E46 /* FirebaseCore */; };
		84B1E29C2DCFBEE600AC2E46 /* FirebaseFirestore in Frameworks */ = {isa = PBXBuildFile; productRef = 84B1E29B2DCFBEE600AC2E46 /* FirebaseFirestore */; };
		84B900282DD72A4700F653DF /* FirebaseFunctions in Frameworks */ = {isa = PBXBuildFile; productRef = 84B900272DD72A4700F653DF /* FirebaseFunctions */; };
		84B9002A2DD72A8800F653DF /* FirebaseMessaging in Frameworks */ = {isa = PBXBuildFile; productRef = 84B900292DD72A8800F653DF /* FirebaseMessaging */; };
/* End PBXBuildFile section */

/* Begin PBXContainerItemProxy section */
		84B1E2662DCFAE4700AC2E46 /* PBXContainerItemProxy */ = {
			isa = PBXContainerItemProxy;
			containerPortal = 84B1E24B2DCFAE4600AC2E46 /* Project object */;
			proxyType = 1;
			remoteGlobalIDString = 84B1E2522DCFAE4600AC2E46;
			remoteInfo = PrysmIOS;
		};
		84B1E2702DCFAE4700AC2E46 /* PBXContainerItemProxy */ = {
			isa = PBXContainerItemProxy;
			containerPortal = 84B1E24B2DCFAE4600AC2E46 /* Project object */;
			proxyType = 1;
			remoteGlobalIDString = 84B1E2522DCFAE4600AC2E46;
			remoteInfo = PrysmIOS;
		};
/* End PBXContainerItemProxy section */

/* Begin PBXFileReference section */
		84B1E2532DCFAE4600AC2E46 /* Prysm.app */ = {isa = PBXFileReference; explicitFileType = wrapper.application; includeInIndex = 0; path = Prysm.app; sourceTree = BUILT_PRODUCTS_DIR; };
		84B1E2652DCFAE4700AC2E46 /* PrysmIOSTests.xctest */ = {isa = PBXFileReference; explicitFileType = wrapper.cfbundle; includeInIndex = 0; path = PrysmIOSTests.xctest; sourceTree = BUILT_PRODUCTS_DIR; };
		84B1E26F2DCFAE4700AC2E46 /* PrysmIOSUITests.xctest */ = {isa = PBXFileReference; explicitFileType = wrapper.cfbundle; includeInIndex = 0; path = PrysmIOSUITests.xctest; sourceTree = BUILT_PRODUCTS_DIR; };
/* End PBXFileReference section */

/* Begin PBXFileSystemSynchronizedBuildFileExceptionSet section */
		84B1E28B2DCFB23900AC2E46 /* Exceptions for "PrysmIOS" folder in "PrysmIOS" target */ = {
			isa = PBXFileSystemSynchronizedBuildFileExceptionSet;
			membershipExceptions = (
				Info.plist,
			);
			target = 84B1E2522DCFAE4600AC2E46 /* PrysmIOS */;
		};
/* End PBXFileSystemSynchronizedBuildFileExceptionSet section */

/* Begin PBXFileSystemSynchronizedRootGroup section */
		84B1E2552DCFAE4600AC2E46 /* PrysmIOS */ = {
			isa = PBXFileSystemSynchronizedRootGroup;
			exceptions = (
				84B1E28B2DCFB23900AC2E46 /* Exceptions for "PrysmIOS" folder in "PrysmIOS" target */,
			);
			path = PrysmIOS;
			sourceTree = "<group>";
		};
		84B1E2682DCFAE4700AC2E46 /* PrysmIOSTests */ = {
			isa = PBXFileSystemSynchronizedRootGroup;
			path = PrysmIOSTests;
			sourceTree = "<group>";
		};
		84B1E2722DCFAE4700AC2E46 /* PrysmIOSUITests */ = {
			isa = PBXFileSystemSynchronizedRootGroup;
			path = PrysmIOSUITests;
			sourceTree = "<group>";
		};
/* End PBXFileSystemSynchronizedRootGroup section */

/* Begin PBXFrameworksBuildPhase section */
		84B1E2502DCFAE4600AC2E46 /* Frameworks */ = {
			isa = PBXFrameworksBuildPhase;
			buildActionMask = 2147483647;
			files = (
				84B1E2862DCFAFFF00AC2E46 /* FirebaseAnalytics in Frameworks */,
				84B1E2882DCFAFFF00AC2E46 /* FirebaseAuth in Frameworks */,
				84B9002A2DD72A8800F653DF /* FirebaseMessaging in Frameworks */,
				84B1E29A2DCFBEE600AC2E46 /* FirebaseCore in Frameworks */,
				84B900282DD72A4700F653DF /* FirebaseFunctions in Frameworks */,
				84B1E29C2DCFBEE600AC2E46 /* FirebaseFirestore in Frameworks */,
				84B1E2902DCFB70700AC2E46 /* GoogleSignIn in Frameworks */,
			);
			runOnlyForDeploymentPostprocessing = 0;
		};
		84B1E2622DCFAE4700AC2E46 /* Frameworks */ = {
			isa = PBXFrameworksBuildPhase;
			buildActionMask = 2147483647;
			files = (
			);
			runOnlyForDeploymentPostprocessing = 0;
		};
		84B1E26C2DCFAE4700AC2E46 /* Frameworks */ = {
			isa = PBXFrameworksBuildPhase;
			buildActionMask = 2147483647;
			files = (
			);
			runOnlyForDeploymentPostprocessing = 0;
		};
/* End PBXFrameworksBuildPhase section */

/* Begin PBXGroup section */
		84B1E24A2DCFAE4600AC2E46 = {
			isa = PBXGroup;
			children = (
				84B1E2552DCFAE4600AC2E46 /* PrysmIOS */,
				84B1E2682DCFAE4700AC2E46 /* PrysmIOSTests */,
				84B1E2722DCFAE4700AC2E46 /* PrysmIOSUITests */,
				84B1E2542DCFAE4600AC2E46 /* Products */,
			);
			sourceTree = "<group>";
		};
		84B1E2542DCFAE4600AC2E46 /* Products */ = {
			isa = PBXGroup;
			children = (
				84B1E2532DCFAE4600AC2E46 /* Prysm.app */,
				84B1E2652DCFAE4700AC2E46 /* PrysmIOSTests.xctest */,
				84B1E26F2DCFAE4700AC2E46 /* PrysmIOSUITests.xctest */,
			);
			name = Products;
			sourceTree = "<group>";
		};
/* End PBXGroup section */

/* Begin PBXNativeTarget section */
		84B1E2522DCFAE4600AC2E46 /* PrysmIOS */ = {
			isa = PBXNativeTarget;
			buildConfigurationList = 84B1E2792DCFAE4700AC2E46 /* Build configuration list for PBXNativeTarget "PrysmIOS" */;
			buildPhases = (
				84B1E24F2DCFAE4600AC2E46 /* Sources */,
				84B1E2502DCFAE4600AC2E46 /* Frameworks */,
				84B1E2512DCFAE4600AC2E46 /* Resources */,
			);
			buildRules = (
			);
			dependencies = (
			);
			fileSystemSynchronizedGroups = (
				84B1E2552DCFAE4600AC2E46 /* PrysmIOS */,
			);
			name = PrysmIOS;
			packageProductDependencies = (
				84B1E2852DCFAFFF00AC2E46 /* FirebaseAnalytics */,
				84B1E2872DCFAFFF00AC2E46 /* FirebaseAuth */,
				84B1E28F2DCFB70700AC2E46 /* GoogleSignIn */,
				84B1E2992DCFBEE600AC2E46 /* FirebaseCore */,
				84B1E29B2DCFBEE600AC2E46 /* FirebaseFirestore */,
				84B900272DD72A4700F653DF /* FirebaseFunctions */,
				84B900292DD72A8800F653DF /* FirebaseMessaging */,
			);
			productName = PrysmIOS;
			productReference = 84B1E2532DCFAE4600AC2E46 /* Prysm.app */;
			productType = "com.apple.product-type.application";
		};
		84B1E2642DCFAE4700AC2E46 /* PrysmIOSTests */ = {
			isa = PBXNativeTarget;
			buildConfigurationList = 84B1E27C2DCFAE4700AC2E46 /* Build configuration list for PBXNativeTarget "PrysmIOSTests" */;
			buildPhases = (
				84B1E2612DCFAE4700AC2E46 /* Sources */,
				84B1E2622DCFAE4700AC2E46 /* Frameworks */,
				84B1E2632DCFAE4700AC2E46 /* Resources */,
			);
			buildRules = (
			);
			dependencies = (
				84B1E2672DCFAE4700AC2E46 /* PBXTargetDependency */,
			);
			fileSystemSynchronizedGroups = (
				84B1E2682DCFAE4700AC2E46 /* PrysmIOSTests */,
			);
			name = PrysmIOSTests;
			packageProductDependencies = (
			);
			productName = PrysmIOSTests;
			productReference = 84B1E2652DCFAE4700AC2E46 /* PrysmIOSTests.xctest */;
			productType = "com.apple.product-type.bundle.unit-test";
		};
		84B1E26E2DCFAE4700AC2E46 /* PrysmIOSUITests */ = {
			isa = PBXNativeTarget;
			buildConfigurationList = 84B1E27F2DCFAE4700AC2E46 /* Build configuration list for PBXNativeTarget "PrysmIOSUITests" */;
			buildPhases = (
				84B1E26B2DCFAE4700AC2E46 /* Sources */,
				84B1E26C2DCFAE4700AC2E46 /* Frameworks */,
				84B1E26D2DCFAE4700AC2E46 /* Resources */,
			);
			buildRules = (
			);
			dependencies = (
				84B1E2712DCFAE4700AC2E46 /* PBXTargetDependency */,
			);
			fileSystemSynchronizedGroups = (
				84B1E2722DCFAE4700AC2E46 /* PrysmIOSUITests */,
			);
			name = PrysmIOSUITests;
			packageProductDependencies = (
			);
			productName = PrysmIOSUITests;
			productReference = 84B1E26F2DCFAE4700AC2E46 /* PrysmIOSUITests.xctest */;
			productType = "com.apple.product-type.bundle.ui-testing";
		};
/* End PBXNativeTarget section */

/* Begin PBXProject section */
		84B1E24B2DCFAE4600AC2E46 /* Project object */ = {
			isa = PBXProject;
			attributes = {
				BuildIndependentTargetsInParallel = 1;
				LastSwiftUpdateCheck = 1600;
				LastUpgradeCheck = 1600;
				TargetAttributes = {
					84B1E2522DCFAE4600AC2E46 = {
						CreatedOnToolsVersion = 16.0;
					};
					84B1E2642DCFAE4700AC2E46 = {
						CreatedOnToolsVersion = 16.0;
						TestTargetID = 84B1E2522DCFAE4600AC2E46;
					};
					84B1E26E2DCFAE4700AC2E46 = {
						CreatedOnToolsVersion = 16.0;
						TestTargetID = 84B1E2522DCFAE4600AC2E46;
					};
				};
			};
			buildConfigurationList = 84B1E24E2DCFAE4600AC2E46 /* Build configuration list for PBXProject "PrysmIOS" */;
			developmentRegion = en;
			hasScannedForEncodings = 0;
			knownRegions = (
				en,
				Base,
				fr,
				ar,
				es,
			);
			mainGroup = 84B1E24A2DCFAE4600AC2E46;
			minimizedProjectReferenceProxies = 1;
			packageReferences = (
				84B1E2842DCFAFFF00AC2E46 /* XCRemoteSwiftPackageReference "firebase-ios-sdk" */,
				84B1E28E2DCFB70700AC2E46 /* XCRemoteSwiftPackageReference "GoogleSignIn-iOS" */,
			);
			preferredProjectObjectVersion = 77;
			productRefGroup = 84B1E2542DCFAE4600AC2E46 /* Products */;
			projectDirPath = "";
			projectRoot = "";
			targets = (
				84B1E2522DCFAE4600AC2E46 /* PrysmIOS */,
				84B1E2642DCFAE4700AC2E46 /* PrysmIOSTests */,
				84B1E26E2DCFAE4700AC2E46 /* PrysmIOSUITests */,
			);
		};
/* End PBXProject section */

/* Begin PBXResourcesBuildPhase section */
		84B1E2512DCFAE4600AC2E46 /* Resources */ = {
			isa = PBXResourcesBuildPhase;
			buildActionMask = 2147483647;
			files = (
			);
			runOnlyForDeploymentPostprocessing = 0;
		};
		84B1E2632DCFAE4700AC2E46 /* Resources */ = {
			isa = PBXResourcesBuildPhase;
			buildActionMask = 2147483647;
			files = (
			);
			runOnlyForDeploymentPostprocessing = 0;
		};
		84B1E26D2DCFAE4700AC2E46 /* Resources */ = {
			isa = PBXResourcesBuildPhase;
			buildActionMask = 2147483647;
			files = (
			);
			runOnlyForDeploymentPostprocessing = 0;
		};
/* End PBXResourcesBuildPhase section */

/* Begin PBXSourcesBuildPhase section */
		84B1E24F2DCFAE4600AC2E46 /* Sources */ = {
			isa = PBXSourcesBuildPhase;
			buildActionMask = 2147483647;
			files = (
			);
			runOnlyForDeploymentPostprocessing = 0;
		};
		84B1E2612DCFAE4700AC2E46 /* Sources */ = {
			isa = PBXSourcesBuildPhase;
			buildActionMask = 2147483647;
			files = (
			);
			runOnlyForDeploymentPostprocessing = 0;
		};
		84B1E26B2DCFAE4700AC2E46 /* Sources */ = {
			isa = PBXSourcesBuildPhase;
			buildActionMask = 2147483647;
			files = (
			);
			runOnlyForDeploymentPostprocessing = 0;
		};
/* End PBXSourcesBuildPhase section */

/* Begin PBXTargetDependency section */
		84B1E2672DCFAE4700AC2E46 /* PBXTargetDependency */ = {
			isa = PBXTargetDependency;
			target = 84B1E2522DCFAE4600AC2E46 /* PrysmIOS */;
			targetProxy = 84B1E2662DCFAE4700AC2E46 /* PBXContainerItemProxy */;
		};
		84B1E2712DCFAE4700AC2E46 /* PBXTargetDependency */ = {
			isa = PBXTargetDependency;
			target = 84B1E2522DCFAE4600AC2E46 /* PrysmIOS */;
			targetProxy = 84B1E2702DCFAE4700AC2E46 /* PBXContainerItemProxy */;
		};
/* End PBXTargetDependency section */

/* Begin XCBuildConfiguration section */
		84B1E2772DCFAE4700AC2E46 /* Debug */ = {
			isa = XCBuildConfiguration;
			buildSettings = {
				ALWAYS_SEARCH_USER_PATHS = NO;
				ASSETCATALOG_COMPILER_GENERATE_SWIFT_ASSET_SYMBOL_EXTENSIONS = YES;
				CLANG_ANALYZER_NONNULL = YES;
				CLANG_ANALYZER_NUMBER_OBJECT_CONVERSION = YES_AGGRESSIVE;
				CLANG_CXX_LANGUAGE_STANDARD = "gnu++20";
				CLANG_ENABLE_MODULES = YES;
				CLANG_ENABLE_OBJC_ARC = YES;
				CLANG_ENABLE_OBJC_WEAK = YES;
				CLANG_WARN_BLOCK_CAPTURE_AUTORELEASING = YES;
				CLANG_WARN_BOOL_CONVERSION = YES;
				CLANG_WARN_COMMA = YES;
				CLANG_WARN_CONSTANT_CONVERSION = YES;
				CLANG_WARN_DEPRECATED_OBJC_IMPLEMENTATIONS = YES;
				CLANG_WARN_DIRECT_OBJC_ISA_USAGE = YES_ERROR;
				CLANG_WARN_DOCUMENTATION_COMMENTS = YES;
				CLANG_WARN_EMPTY_BODY = YES;
				CLANG_WARN_ENUM_CONVERSION = YES;
				CLANG_WARN_INFINITE_RECURSION = YES;
				CLANG_WARN_INT_CONVERSION = YES;
				CLANG_WARN_NON_LITERAL_NULL_CONVERSION = YES;
				CLANG_WARN_OBJC_IMPLICIT_RETAIN_SELF = YES;
				CLANG_WARN_OBJC_LITERAL_CONVERSION = YES;
				CLANG_WARN_OBJC_ROOT_CLASS = YES_ERROR;
				CLANG_WARN_QUOTED_INCLUDE_IN_FRAMEWORK_HEADER = YES;
				CLANG_WARN_RANGE_LOOP_ANALYSIS = YES;
				CLANG_WARN_STRICT_PROTOTYPES = YES;
				CLANG_WARN_SUSPICIOUS_MOVE = YES;
				CLANG_WARN_UNGUARDED_AVAILABILITY = YES_AGGRESSIVE;
				CLANG_WARN_UNREACHABLE_CODE = YES;
				CLANG_WARN__DUPLICATE_METHOD_MATCH = YES;
				COPY_PHASE_STRIP = NO;
				DEBUG_INFORMATION_FORMAT = dwarf;
				ENABLE_STRICT_OBJC_MSGSEND = YES;
				ENABLE_TESTABILITY = YES;
				ENABLE_USER_SCRIPT_SANDBOXING = YES;
				GCC_C_LANGUAGE_STANDARD = gnu17;
				GCC_DYNAMIC_NO_PIC = NO;
				GCC_NO_COMMON_BLOCKS = YES;
				GCC_OPTIMIZATION_LEVEL = 0;
				GCC_PREPROCESSOR_DEFINITIONS = (
					"DEBUG=1",
					"$(inherited)",
				);
				GCC_WARN_64_TO_32_BIT_CONVERSION = YES;
				GCC_WARN_ABOUT_RETURN_TYPE = YES_ERROR;
				GCC_WARN_UNDECLARED_SELECTOR = YES;
				GCC_WARN_UNINITIALIZED_AUTOS = YES_AGGRESSIVE;
				GCC_WARN_UNUSED_FUNCTION = YES;
				GCC_WARN_UNUSED_VARIABLE = YES;
				IPHONEOS_DEPLOYMENT_TARGET = 18.0;
				LOCALIZATION_PREFERS_STRING_CATALOGS = YES;
				MTL_ENABLE_DEBUG_INFO = INCLUDE_SOURCE;
				MTL_FAST_MATH = YES;
				ONLY_ACTIVE_ARCH = YES;
				SDKROOT = iphoneos;
				SWIFT_ACTIVE_COMPILATION_CONDITIONS = "DEBUG $(inherited)";
				SWIFT_OPTIMIZATION_LEVEL = "-Onone";
			};
			name = Debug;
		};
		84B1E2782DCFAE4700AC2E46 /* Release */ = {
			isa = XCBuildConfiguration;
			buildSettings = {
				ALWAYS_SEARCH_USER_PATHS = NO;
				ASSETCATALOG_COMPILER_GENERATE_SWIFT_ASSET_SYMBOL_EXTENSIONS = YES;
				CLANG_ANALYZER_NONNULL = YES;
				CLANG_ANALYZER_NUMBER_OBJECT_CONVERSION = YES_AGGRESSIVE;
				CLANG_CXX_LANGUAGE_STANDARD = "gnu++20";
				CLANG_ENABLE_MODULES = YES;
				CLANG_ENABLE_OBJC_ARC = YES;
				CLANG_ENABLE_OBJC_WEAK = YES;
				CLANG_WARN_BLOCK_CAPTURE_AUTORELEASING = YES;
				CLANG_WARN_BOOL_CONVERSION = YES;
				CLANG_WARN_COMMA = YES;
				CLANG_WARN_CONSTANT_CONVERSION = YES;
				CLANG_WARN_DEPRECATED_OBJC_IMPLEMENTATIONS = YES;
				CLANG_WARN_DIRECT_OBJC_ISA_USAGE = YES_ERROR;
				CLANG_WARN_DOCUMENTATION_COMMENTS = YES;
				CLANG_WARN_EMPTY_BODY = YES;
				CLANG_WARN_ENUM_CONVERSION = YES;
				CLANG_WARN_INFINITE_RECURSION = YES;
				CLANG_WARN_INT_CONVERSION = YES;
				CLANG_WARN_NON_LITERAL_NULL_CONVERSION = YES;
				CLANG_WARN_OBJC_IMPLICIT_RETAIN_SELF = YES;
				CLANG_WARN_OBJC_LITERAL_CONVERSION = YES;
				CLANG_WARN_OBJC_ROOT_CLASS = YES_ERROR;
				CLANG_WARN_QUOTED_INCLUDE_IN_FRAMEWORK_HEADER = YES;
				CLANG_WARN_RANGE_LOOP_ANALYSIS = YES;
				CLANG_WARN_STRICT_PROTOTYPES = YES;
				CLANG_WARN_SUSPICIOUS_MOVE = YES;
				CLANG_WARN_UNGUARDED_AVAILABILITY = YES_AGGRESSIVE;
				CLANG_WARN_UNREACHABLE_CODE = YES;
				CLANG_WARN__DUPLICATE_METHOD_MATCH = YES;
				COPY_PHASE_STRIP = NO;
				DEBUG_INFORMATION_FORMAT = "dwarf-with-dsym";
				ENABLE_NS_ASSERTIONS = NO;
				ENABLE_STRICT_OBJC_MSGSEND = YES;
				ENABLE_USER_SCRIPT_SANDBOXING = YES;
				GCC_C_LANGUAGE_STANDARD = gnu17;
				GCC_NO_COMMON_BLOCKS = YES;
				GCC_WARN_64_TO_32_BIT_CONVERSION = YES;
				GCC_WARN_ABOUT_RETURN_TYPE = YES_ERROR;
				GCC_WARN_UNDECLARED_SELECTOR = YES;
				GCC_WARN_UNINITIALIZED_AUTOS = YES_AGGRESSIVE;
				GCC_WARN_UNUSED_FUNCTION = YES;
				GCC_WARN_UNUSED_VARIABLE = YES;
				IPHONEOS_DEPLOYMENT_TARGET = 18.0;
				LOCALIZATION_PREFERS_STRING_CATALOGS = YES;
				MTL_ENABLE_DEBUG_INFO = NO;
				MTL_FAST_MATH = YES;
				SDKROOT = iphoneos;
				SWIFT_COMPILATION_MODE = wholemodule;
				VALIDATE_PRODUCT = YES;
			};
			name = Release;
		};
		84B1E27A2DCFAE4700AC2E46 /* Debug */ = {
			isa = XCBuildConfiguration;
			buildSettings = {
				ASSETCATALOG_COMPILER_APPICON_NAME = AppIcon;
				ASSETCATALOG_COMPILER_GLOBAL_ACCENT_COLOR_NAME = AccentColor;
				CODE_SIGN_ENTITLEMENTS = PrysmIOS/PrysmIOS.entitlements;
				CODE_SIGN_STYLE = Automatic;
				CURRENT_PROJECT_VERSION = 1;
				DEVELOPMENT_ASSET_PATHS = "\"PrysmIOS/Preview Content\"";
				DEVELOPMENT_TEAM = R7LZBZ8UC4;
				ENABLE_PREVIEWS = YES;
				GENERATE_INFOPLIST_FILE = YES;
				INFOPLIST_FILE = PrysmIOS/Info.plist;
				INFOPLIST_KEY_CFBundleDisplayName = Orel;
				INFOPLIST_KEY_UIApplicationSceneManifest_Generation = YES;
				INFOPLIST_KEY_UIApplicationSupportsIndirectInputEvents = YES;
				INFOPLIST_KEY_UILaunchScreen_Generation = YES;
				INFOPLIST_KEY_UISupportedInterfaceOrientations_iPad = "UIInterfaceOrientationPortrait UIInterfaceOrientationPortraitUpsideDown UIInterfaceOrientationLandscapeLeft UIInterfaceOrientationLandscapeRight";
				INFOPLIST_KEY_UISupportedInterfaceOrientations_iPhone = "UIInterfaceOrientationPortrait UIInterfaceOrientationLandscapeLeft UIInterfaceOrientationLandscapeRight";
				LD_RUNPATH_SEARCH_PATHS = (
					"$(inherited)",
					"@executable_path/Frameworks",
				);
				MARKETING_VERSION = 1.0;
				PRODUCT_BUNDLE_IDENTIFIER = Adam.PrysmIOS;
				PRODUCT_NAME = Prysm;
				SWIFT_EMIT_LOC_STRINGS = YES;
				SWIFT_VERSION = 5.0;
				TARGETED_DEVICE_FAMILY = "1,2";
			};
			name = Debug;
		};
		84B1E27B2DCFAE4700AC2E46 /* Release */ = {
			isa = XCBuildConfiguration;
			buildSettings = {
				ASSETCATALOG_COMPILER_APPICON_NAME = AppIcon;
				ASSETCATALOG_COMPILER_GLOBAL_ACCENT_COLOR_NAME = AccentColor;
				CODE_SIGN_ENTITLEMENTS = PrysmIOS/PrysmIOS.entitlements;
				CODE_SIGN_STYLE = Automatic;
				CURRENT_PROJECT_VERSION = 1;
				DEVELOPMENT_ASSET_PATHS = "\"PrysmIOS/Preview Content\"";
				DEVELOPMENT_TEAM = R7LZBZ8UC4;
				ENABLE_PREVIEWS = YES;
				GENERATE_INFOPLIST_FILE = YES;
				INFOPLIST_FILE = PrysmIOS/Info.plist;
				INFOPLIST_KEY_CFBundleDisplayName = Orel;
				INFOPLIST_KEY_UIApplicationSceneManifest_Generation = YES;
				INFOPLIST_KEY_UIApplicationSupportsIndirectInputEvents = YES;
				INFOPLIST_KEY_UILaunchScreen_Generation = YES;
				INFOPLIST_KEY_UISupportedInterfaceOrientations_iPad = "UIInterfaceOrientationPortrait UIInterfaceOrientationPortraitUpsideDown UIInterfaceOrientationLandscapeLeft UIInterfaceOrientationLandscapeRight";
				INFOPLIST_KEY_UISupportedInterfaceOrientations_iPhone = "UIInterfaceOrientationPortrait UIInterfaceOrientationLandscapeLeft UIInterfaceOrientationLandscapeRight";
				LD_RUNPATH_SEARCH_PATHS = (
					"$(inherited)",
					"@executable_path/Frameworks",
				);
				MARKETING_VERSION = 1.0;
				PRODUCT_BUNDLE_IDENTIFIER = Adam.PrysmIOS;
				PRODUCT_NAME = Prysm;
				SWIFT_EMIT_LOC_STRINGS = YES;
				SWIFT_VERSION = 5.0;
				TARGETED_DEVICE_FAMILY = "1,2";
			};
			name = Release;
		};
		84B1E27D2DCFAE4700AC2E46 /* Debug */ = {
			isa = XCBuildConfiguration;
			buildSettings = {
				BUNDLE_LOADER = "$(TEST_HOST)";
				CODE_SIGN_STYLE = Automatic;
				CURRENT_PROJECT_VERSION = 1;
				DEVELOPMENT_TEAM = R7LZBZ8UC4;
				GENERATE_INFOPLIST_FILE = YES;
				IPHONEOS_DEPLOYMENT_TARGET = 18.0;
				MARKETING_VERSION = 1.0;
				PRODUCT_BUNDLE_IDENTIFIER = Adam.PrysmIOSTests;
				PRODUCT_NAME = "$(TARGET_NAME)";
				SWIFT_EMIT_LOC_STRINGS = NO;
				SWIFT_VERSION = 5.0;
				TARGETED_DEVICE_FAMILY = "1,2";
				TEST_HOST = "$(BUILT_PRODUCTS_DIR)/PrysmIOS.app/$(BUNDLE_EXECUTABLE_FOLDER_PATH)/PrysmIOS";
			};
			name = Debug;
		};
		84B1E27E2DCFAE4700AC2E46 /* Release */ = {
			isa = XCBuildConfiguration;
			buildSettings = {
				BUNDLE_LOADER = "$(TEST_HOST)";
				CODE_SIGN_STYLE = Automatic;
				CURRENT_PROJECT_VERSION = 1;
				DEVELOPMENT_TEAM = R7LZBZ8UC4;
				GENERATE_INFOPLIST_FILE = YES;
				IPHONEOS_DEPLOYMENT_TARGET = 18.0;
				MARKETING_VERSION = 1.0;
				PRODUCT_BUNDLE_IDENTIFIER = Adam.PrysmIOSTests;
				PRODUCT_NAME = "$(TARGET_NAME)";
				SWIFT_EMIT_LOC_STRINGS = NO;
				SWIFT_VERSION = 5.0;
				TARGETED_DEVICE_FAMILY = "1,2";
				TEST_HOST = "$(BUILT_PRODUCTS_DIR)/PrysmIOS.app/$(BUNDLE_EXECUTABLE_FOLDER_PATH)/PrysmIOS";
			};
			name = Release;
		};
		84B1E2802DCFAE4700AC2E46 /* Debug */ = {
			isa = XCBuildConfiguration;
			buildSettings = {
				CODE_SIGN_STYLE = Automatic;
				CURRENT_PROJECT_VERSION = 1;
				DEVELOPMENT_TEAM = R7LZBZ8UC4;
				GENERATE_INFOPLIST_FILE = YES;
				MARKETING_VERSION = 1.0;
				PRODUCT_BUNDLE_IDENTIFIER = Adam.PrysmIOSUITests;
				PRODUCT_NAME = "$(TARGET_NAME)";
				SWIFT_EMIT_LOC_STRINGS = NO;
				SWIFT_VERSION = 5.0;
				TARGETED_DEVICE_FAMILY = "1,2";
				TEST_TARGET_NAME = PrysmIOS;
			};
			name = Debug;
		};
		84B1E2812DCFAE4700AC2E46 /* Release */ = {
			isa = XCBuildConfiguration;
			buildSettings = {
				CODE_SIGN_STYLE = Automatic;
				CURRENT_PROJECT_VERSION = 1;
				DEVELOPMENT_TEAM = R7LZBZ8UC4;
				GENERATE_INFOPLIST_FILE = YES;
				MARKETING_VERSION = 1.0;
				PRODUCT_BUNDLE_IDENTIFIER = Adam.PrysmIOSUITests;
				PRODUCT_NAME = "$(TARGET_NAME)";
				SWIFT_EMIT_LOC_STRINGS = NO;
				SWIFT_VERSION = 5.0;
				TARGETED_DEVICE_FAMILY = "1,2";
				TEST_TARGET_NAME = PrysmIOS;
			};
			name = Release;
		};
/* End XCBuildConfiguration section */

/* Begin XCConfigurationList section */
		84B1E24E2DCFAE4600AC2E46 /* Build configuration list for PBXProject "PrysmIOS" */ = {
			isa = XCConfigurationList;
			buildConfigurations = (
				84B1E2772DCFAE4700AC2E46 /* Debug */,
				84B1E2782DCFAE4700AC2E46 /* Release */,
			);
			defaultConfigurationIsVisible = 0;
			defaultConfigurationName = Release;
		};
		84B1E2792DCFAE4700AC2E46 /* Build configuration list for PBXNativeTarget "PrysmIOS" */ = {
			isa = XCConfigurationList;
			buildConfigurations = (
				84B1E27A2DCFAE4700AC2E46 /* Debug */,
				84B1E27B2DCFAE4700AC2E46 /* Release */,
			);
			defaultConfigurationIsVisible = 0;
			defaultConfigurationName = Release;
		};
		84B1E27C2DCFAE4700AC2E46 /* Build configuration list for PBXNativeTarget "PrysmIOSTests" */ = {
			isa = XCConfigurationList;
			buildConfigurations = (
				84B1E27D2DCFAE4700AC2E46 /* Debug */,
				84B1E27E2DCFAE4700AC2E46 /* Release */,
			);
			defaultConfigurationIsVisible = 0;
			defaultConfigurationName = Release;
		};
		84B1E27F2DCFAE4700AC2E46 /* Build configuration list for PBXNativeTarget "PrysmIOSUITests" */ = {
			isa = XCConfigurationList;
			buildConfigurations = (
				84B1E2802DCFAE4700AC2E46 /* Debug */,
				84B1E2812DCFAE4700AC2E46 /* Release */,
			);
			defaultConfigurationIsVisible = 0;
			defaultConfigurationName = Release;
		};
/* End XCConfigurationList section */

/* Begin XCRemoteSwiftPackageReference section */
		84B1E2842DCFAFFF00AC2E46 /* XCRemoteSwiftPackageReference "firebase-ios-sdk" */ = {
			isa = XCRemoteSwiftPackageReference;
			repositoryURL = "https://github.com/firebase/firebase-ios-sdk";
			requirement = {
				kind = upToNextMajorVersion;
				minimumVersion = 11.12.0;
			};
		};
		84B1E28E2DCFB70700AC2E46 /* XCRemoteSwiftPackageReference "GoogleSignIn-iOS" */ = {
			isa = XCRemoteSwiftPackageReference;
			repositoryURL = "https://github.com/google/GoogleSignIn-iOS.git";
			requirement = {
				kind = upToNextMajorVersion;
				minimumVersion = 8.0.0;
			};
		};
/* End XCRemoteSwiftPackageReference section */

/* Begin XCSwiftPackageProductDependency section */
		84B1E2852DCFAFFF00AC2E46 /* FirebaseAnalytics */ = {
			isa = XCSwiftPackageProductDependency;
			package = 84B1E2842DCFAFFF00AC2E46 /* XCRemoteSwiftPackageReference "firebase-ios-sdk" */;
			productName = FirebaseAnalytics;
		};
		84B1E2872DCFAFFF00AC2E46 /* FirebaseAuth */ = {
			isa = XCSwiftPackageProductDependency;
			package = 84B1E2842DCFAFFF00AC2E46 /* XCRemoteSwiftPackageReference "firebase-ios-sdk" */;
			productName = FirebaseAuth;
		};
		84B1E28F2DCFB70700AC2E46 /* GoogleSignIn */ = {
			isa = XCSwiftPackageProductDependency;
			package = 84B1E28E2DCFB70700AC2E46 /* XCRemoteSwiftPackageReference "GoogleSignIn-iOS" */;
			productName = GoogleSignIn;
		};
		84B1E2992DCFBEE600AC2E46 /* FirebaseCore */ = {
			isa = XCSwiftPackageProductDependency;
			package = 84B1E2842DCFAFFF00AC2E46 /* XCRemoteSwiftPackageReference "firebase-ios-sdk" */;
			productName = FirebaseCore;
		};
		84B1E29B2DCFBEE600AC2E46 /* FirebaseFirestore */ = {
			isa = XCSwiftPackageProductDependency;
			package = 84B1E2842DCFAFFF00AC2E46 /* XCRemoteSwiftPackageReference "firebase-ios-sdk" */;
			productName = FirebaseFirestore;
		};
		84B900272DD72A4700F653DF /* FirebaseFunctions */ = {
			isa = XCSwiftPackageProductDependency;
			package = 84B1E2842DCFAFFF00AC2E46 /* XCRemoteSwiftPackageReference "firebase-ios-sdk" */;
			productName = FirebaseFunctions;
		};
		84B900292DD72A8800F653DF /* FirebaseMessaging */ = {
			isa = XCSwiftPackageProductDependency;
			package = 84B1E2842DCFAFFF00AC2E46 /* XCRemoteSwiftPackageReference "firebase-ios-sdk" */;
			productName = FirebaseMessaging;
		};
/* End XCSwiftPackageProductDependency section */
	};
	rootObject = 84B1E24B2DCFAE4600AC2E46 /* Project object */;
}
